
Microsoft Visual Studio Solution File, Format Version 12.00
# Visual Studio Version 17
VisualStudioVersion = 17.8.34322.80
MinimumVisualStudioVersion = 10.0.40219.1
Project("{FAE04EC0-301F-11D3-BF4B-00C04F79EFBC}") = "RevolutionHotel", "RevolutionHotel\RevolutionHotel.csproj", "{D266E2E2-B63D-49AC-9442-7EA977B944CE}"
EndProject
Global
	GlobalSection(SolutionConfigurationPlatforms) = preSolution
		Debug|Any CPU = Debug|Any CPU
		Release|Any CPU = Release|Any CPU
	EndGlobalSection
	GlobalSection(ProjectConfigurationPlatforms) = postSolution
		{D266E2E2-B63D-49AC-9442-7EA977B944CE}.Debug|Any CPU.ActiveCfg = Debug|Any CPU
		{D266E2E2-B63D-49AC-9442-7EA977B944CE}.Debug|Any CPU.Build.0 = Debug|Any CPU
		{D266E2E2-B63D-49AC-9442-7EA977B944CE}.Release|Any CPU.ActiveCfg = Release|Any CPU
		{D266E2E2-B63D-49AC-9442-7EA977B944CE}.Release|Any CPU.Build.0 = Release|Any CPU
	EndGlobalSection
	GlobalSection(SolutionProperties) = preSolution
		HideSolutionNode = FALSE
	EndGlobalSection
	GlobalSection(ExtensibilityGlobals) = postSolution
		SolutionGuid = {58E2AB3B-6CDD-4CA8-819E-CCF91355622B}
	EndGlobalSection
EndGlobal
